
Microsoft Visual Studio Solution File, Format Version 12.00
# Visual Studio 2017
Project("{FAE04EC0-301F-11D3-BF4B-00C04F79EFBC}") = "HealthBar", "HealthBar.csproj", "{FD75ABAA-BA49-BB0B-4695-CA0E51909A0F}"
EndProject
Global
	GlobalSection(SolutionConfigurationPlatforms) = preSolution
		Debug|Any CPU = Debug|Any CPU
		Release|Any CPU = Release|Any CPU
	EndGlobalSection
	GlobalSection(ProjectConfigurationPlatforms) = postSolution
		{FD75ABAA-BA49-BB0B-4695-CA0E51909A0F}.Debug|Any CPU.ActiveCfg = Debug|Any CPU
		{FD75ABAA-BA49-BB0B-4695-CA0E51909A0F}.Debug|Any CPU.Build.0 = Debug|Any CPU
		{FD75ABAA-BA49-BB0B-4695-CA0E51909A0F}.Release|Any CPU.ActiveCfg = Release|Any CPU
		{FD75ABAA-BA49-BB0B-4695-CA0E51909A0F}.Release|Any CPU.Build.0 = Release|Any CPU
	EndGlobalSection
	GlobalSection(SolutionProperties) = preSolution
		HideSolutionNode = FALSE
	EndGlobalSection
EndGlobal
